
Microsoft Visual Studio Solution File, Format Version 12.00
# Visual Studio 15
VisualStudioVersion = 15.0.27703.2035
MinimumVisualStudioVersion = 10.0.40219.1
Project("{8BC9CEB8-8B4A-11D0-8D11-00A0C91BC942}") = "TCPClient", "TCPClient\TCPClient.vcxproj", "{7634C3B9-5447-4497-8A74-974BD34F17B7}"
EndProject
Project("{8BC9CEB8-8B4A-11D0-8D11-00A0C91BC942}") = "TCPSever", "TCPSever\TCPSever.vcxproj", "{710C7ACE-41E1-45B7-9CCB-FEC9FFC18710}"
EndProject
Project("{8BC9CEB8-8B4A-11D0-8D11-00A0C91BC942}") = "UDPClient", "UDPClient\UDPClient.vcxproj", "{2FD79B98-2B8E-4DD4-863D-A42811937081}"
EndProject
Project("{8BC9CEB8-8B4A-11D0-8D11-00A0C91BC942}") = "UDPSever", "UDPSever\UDPSever.vcxproj", "{D9456AF8-58A4-43BC-8700-F468D238EAFC}"
EndProject
Global
	GlobalSection(SolutionConfigurationPlatforms) = preSolution
		Debug|x64 = Debug|x64
		Debug|x86 = Debug|x86
		Release|x64 = Release|x64
		Release|x86 = Release|x86
	EndGlobalSection
	GlobalSection(ProjectConfigurationPlatforms) = postSolution
		{7634C3B9-5447-4497-8A74-974BD34F17B7}.Debug|x64.ActiveCfg = Debug|x64
		{7634C3B9-5447-4497-8A74-974BD34F17B7}.Debug|x64.Build.0 = Debug|x64
		{7634C3B9-5447-4497-8A74-974BD34F17B7}.Debug|x86.ActiveCfg = Debug|Win32
		{7634C3B9-5447-4497-8A74-974BD34F17B7}.Debug|x86.Build.0 = Debug|Win32
		{7634C3B9-5447-4497-8A74-974BD34F17B7}.Release|x64.ActiveCfg = Release|x64
		{7634C3B9-5447-4497-8A74-974BD34F17B7}.Release|x64.Build.0 = Release|x64
		{7634C3B9-5447-4497-8A74-974BD34F17B7}.Release|x86.ActiveCfg = Release|Win32
		{7634C3B9-5447-4497-8A74-974BD34F17B7}.Release|x86.Build.0 = Release|Win32
		{710C7ACE-41E1-45B7-9CCB-FEC9FFC18710}.Debug|x64.ActiveCfg = Debug|x64
		{710C7ACE-41E1-45B7-9CCB-FEC9FFC18710}.Debug|x64.Build.0 = Debug|x64
		{710C7ACE-41E1-45B7-9CCB-FEC9FFC18710}.Debug|x86.ActiveCfg = Debug|Win32
		{710C7ACE-41E1-45B7-9CCB-FEC9FFC18710}.Debug|x86.Build.0 = Debug|Win32
		{710C7ACE-41E1-45B7-9CCB-FEC9FFC18710}.Release|x64.ActiveCfg = Release|x64
		{710C7ACE-41E1-45B7-9CCB-FEC9FFC18710}.Release|x64.Build.0 = Release|x64
		{710C7ACE-41E1-45B7-9CCB-FEC9FFC18710}.Release|x86.ActiveCfg = Release|Win32
		{710C7ACE-41E1-45B7-9CCB-FEC9FFC18710}.Release|x86.Build.0 = Release|Win32
		{2FD79B98-2B8E-4DD4-863D-A42811937081}.Debug|x64.ActiveCfg = Debug|x64
		{2FD79B98-2B8E-4DD4-863D-A42811937081}.Debug|x64.Build.0 = Debug|x64
		{2FD79B98-2B8E-4DD4-863D-A42811937081}.Debug|x86.ActiveCfg = Debug|Win32
		{2FD79B98-2B8E-4DD4-863D-A42811937081}.Debug|x86.Build.0 = Debug|Win32
		{2FD79B98-2B8E-4DD4-863D-A42811937081}.Release|x64.ActiveCfg = Release|x64
		{2FD79B98-2B8E-4DD4-863D-A42811937081}.Release|x64.Build.0 = Release|x64
		{2FD79B98-2B8E-4DD4-863D-A42811937081}.Release|x86.ActiveCfg = Release|Win32
		{2FD79B98-2B8E-4DD4-863D-A42811937081}.Release|x86.Build.0 = Release|Win32
		{D9456AF8-58A4-43BC-8700-F468D238EAFC}.Debug|x64.ActiveCfg = Debug|x64
		{D9456AF8-58A4-43BC-8700-F468D238EAFC}.Debug|x64.Build.0 = Debug|x64
		{D9456AF8-58A4-43BC-8700-F468D238EAFC}.Debug|x86.ActiveCfg = Debug|Win32
		{D9456AF8-58A4-43BC-8700-F468D238EAFC}.Debug|x86.Build.0 = Debug|Win32
		{D9456AF8-58A4-43BC-8700-F468D238EAFC}.Release|x64.ActiveCfg = Release|x64
		{D9456AF8-58A4-43BC-8700-F468D238EAFC}.Release|x64.Build.0 = Release|x64
		{D9456AF8-58A4-43BC-8700-F468D238EAFC}.Release|x86.ActiveCfg = Release|Win32
		{D9456AF8-58A4-43BC-8700-F468D238EAFC}.Release|x86.Build.0 = Release|Win32
	EndGlobalSection
	GlobalSection(SolutionProperties) = preSolution
		HideSolutionNode = FALSE
	EndGlobalSection
	GlobalSection(ExtensibilityGlobals) = postSolution
		SolutionGuid = {07F623B1-1B33-4A33-B8E6-C281970996BA}
	EndGlobalSection
EndGlobal
